
Microsoft Visual Studio Solution File, Format Version 12.00
# Visual Studio Version 16
VisualStudioVersion = 16.0.31702.278
MinimumVisualStudioVersion = 10.0.40219.1
Project("{FAE04EC0-301F-11D3-BF4B-00C04F79EFBC}") = "14.06_auth", "14.06_auth\14.06_auth.csproj", "{BC113B3A-C281-443C-B55B-078D053BAEE8}"
EndProject
Global
	GlobalSection(SolutionConfigurationPlatforms) = preSolution
		Debug|Any CPU = Debug|Any CPU
		Release|Any CPU = Release|Any CPU
	EndGlobalSection
	GlobalSection(ProjectConfigurationPlatforms) = postSolution
		{BC113B3A-C281-443C-B55B-078D053BAEE8}.Debug|Any CPU.ActiveCfg = Debug|Any CPU
		{BC113B3A-C281-443C-B55B-078D053BAEE8}.Debug|Any CPU.Build.0 = Debug|Any CPU
		{BC113B3A-C281-443C-B55B-078D053BAEE8}.Release|Any CPU.ActiveCfg = Release|Any CPU
		{BC113B3A-C281-443C-B55B-078D053BAEE8}.Release|Any CPU.Build.0 = Release|Any CPU
	EndGlobalSection
	GlobalSection(SolutionProperties) = preSolution
		HideSolutionNode = FALSE
	EndGlobalSection
	GlobalSection(ExtensibilityGlobals) = postSolution
		SolutionGuid = {5898E0A5-793A-4EEB-BBE5-7AFB6DC20645}
	EndGlobalSection
EndGlobal
